buf.build/gen/go/bufbuild/protovalidate/protocolbuffers/go v1.36.6-20250425153114-8976f5be98c1.1 h1:YhMSc48s25kr7kv31Z8vf7sPUIq5YJva9z1mn/hAt0M=
buf.build/gen/go/bufbuild/protovalidate/protocolbuffers/go v1.36.6-20250425153114-8976f5be98c1.1/go.mod h1:avRlCjnFzl98VPaeCtJ24RrV/wwHFzB8sWXhj26+n/U=
buf.build/go/protovalidate v0.12.0 h1:4GKJotbspQjRCcqZMGVSuC8SjwZ/FmgtSuKDpKUTZew=
buf.build/go/protovalidate v0.12.0/go.mod h1:q3PFfbzI05LeqxSwq+begW2syjy2Z6hLxZSkP1OH/D0=
cel.dev/expr v0.25.1 h1:1KrZg61W6TWSxuNZ37Xy49ps13NUovb66QLprthtwi4=
cel.dev/expr v0.25.1/go.mod h1:hrXvqGP6G6gyx8UAHSHJ5RGk//1Oj5nXQ2NI02Nrsg4=
cloud.google.com/go/compute/metadata v0.9.0 h1:pDUj4QMoPejqq20dK0Pg2N4yG9zIkYGdBtwLoEkH9Zs=
cloud.google.com/go/compute/metadata v0.9.0/go.mod h1:E0bWwX5wTnLPedCKqk3pJmVgCBSM6qQI1yTBdEb3C10=
github.com/GoogleCloudPlatform/opentelemetry-operations-go/detectors/gcp v1.32.0 h1:rIkQfkCOVKc1OiRCNcSDD8ml5RJlZbH/Xsq7lbpynwc=
github.com/GoogleCloudPlatform/opentelemetry-operations-go/detectors/gcp v1.32.0/go.mod h1:RD2SsorTmYhF6HkTmDw7KmPYQk8OBYwTkuasChwv7R4=
github.com/Nerzal/gocloak/v13 v13.9.0 h1:YWsJsdM5b0yhM2Ba3MLydiOlujkBry4TtdzfIzSVZhw=
github.com/Nerzal/gocloak/v13 v13.9.0/go.mod h1:YYuDcXZ7K2zKECyVP7pPqjKxx2AzYSpKDj8d6GuyM10=
github.com/alecthomas/kingpin/v2 v2.4.0 h1:f48lwail6p8zpO1bC4TxtqACaGqHYA22qkHjHpqDjYY=
github.com/alecthomas/kingpin/v2 v2.4.0/go.mod h1:0gyi0zQnjuFk8xrkNKamJoyUo382HRL7ATRpFZCw6tE=
github.com/alecthomas/units v0.0.0-20211218093645-b94a6e3cc137 h1:s6gZFSlWYmbqAuRjVTiNNhvNRfY2Wxp9nhfyel4rklc=
github.com/alecthomas/units v0.0.0-20211218093645-b94a6e3cc137/go.mod h1:OMCwj8VM1Kc9e19TLln2VL61YJF0x1XFtfdL4JdbSyE=
github.com/antihax/optional v1.0.0 h1:xK2lYat7ZLaVVcIuj82J8kIro4V6kDe0AUDFboUCwcg=
github.com/antihax/optional v1.0.0/go.mod h1:uupD/76wgC+ih3iEmQUL+0Ugr19nfwCT1kdvxnR2qWY=
github.com/antlr4-go/antlr/v4 v4.13.0 h1:lxCg3LAv+EUK6t1i0y1V6/SLeUi0eKEKdhQAlS8TVTI=
github.com/antlr4-go/antlr/v4 v4.13.0/go.mod h1:pfChB/xh/Unjila75QW7+VU4TSnWnnk9UTnmpPaOR2g=
github.com/aws/aws-sdk-go v1.44.263 h1:Dkt5fcdtL8QtK3cz0bOTQ84m9dGx+YDeTsDl+wY2yW4=
github.com/aws/aws-sdk-go v1.44.263/go.mod h1:aVsgQcEevwlmQ7qHE9I3h+dtQgpqhFB+i8Phjh7fkwI=
github.com/aws/aws-sdk-go-v2 v1.18.0 h1:882kkTpSFhdgYRKVZ/VCgf7sd0ru57p2JCxz4/oN5RY=
github.com/aws/aws-sdk-go-v2 v1.18.0/go.mod h1:uzbQtefpm44goOPmdKyAlXSNcwlRgF3ePWVW6EtJvvw=
github.com/aws/aws-sdk-go-v2/config v1.18.25 h1:JuYyZcnMPBiFqn87L2cRppo+rNwgah6YwD3VuyvaW6Q=
github.com/aws/aws-sdk-go-v2/config v1.18.25/go.mod h1:dZnYpD5wTW/dQF0rRNLVypB396zWCcPiBIvdvSWHEg4=
github.com/aws/aws-sdk-go-v2/credentials v1.13.24 h1:PjiYyls3QdCrzqUN35jMWtUK1vqVZ+zLfdOa/UPFDp0=
github.com/aws/aws-sdk-go-v2/credentials v1.13.24/go.mod h1:jYPYi99wUOPIFi0rhiOvXeXxArRXsBbVLOZCzgC+sj0=
github.com/aws/aws-sdk-go-v2/feature/ec2/imds v1.13.3 h1:f73y3yQTL/GJb1MxtUPezUPb6LewSs2HML910I38D30=
github.com/aws/aws-sdk-go-v2/feature/ec2/imds v1.13.3/go.mod h1:4Q0UFP0EDzIBKzvqX/ThGxy2HJT3A6RdTo0Qbn+XVhM=
github.com/aws/aws-sdk-go-v2/internal/configsources v1.1.33 h1:kG3udj8/fqYsjI+Blv+pJmTCKxNaAb1wMwOnavXZPhY=
github.com/aws/aws-sdk-go-v2/internal/configsources v1.1.33/go.mod h1:hx/w/6Tyd+DoYFRapXvMQBqHRdLWNzz/H3eygTgjZoY=
github.com/aws/aws-sdk-go-v2/internal/endpoints/v2 v2.4.27 h1:zmx0Qyym9Rpqn3MNlUOVmJdJIJyAgvL8MRewZPG/70A=
github.com/aws/aws-sdk-go-v2/internal/endpoints/v2 v2.4.27/go.mod h1:Y5dFi/e4OUB8bOQtcUkX/dvD6dYYU8TfbZdQsMuzkBo=
github.com/aws/aws-sdk-go-v2/internal/ini v1.3.34 h1:gGLG7yKaXG02/jBlg5Roz0efYfhNaKEBD0OxY7A6yR8=
github.com/aws/aws-sdk-go-v2/internal/ini v1.3.34/go.mod h1:Etz2djVANBFexel/1xMJ3aw5bE0XY1AXySdvj6tw74A=
github.com/aws/aws-sdk-go-v2/service/internal/presigned-url v1.9.27 h1:Wr6uN9N1LPef7KniqaOhRiFXSaBgbx0T1+Y6Sg3Dxhc=
github.com/aws/aws-sdk-go-v2/service/internal/presigned-url v1.9.27/go.mod h1:lOeQPL//gLRVVQsgPDYC9H5FCWJkP+KKBp0LVJ9tgEw=
github.com/aws/aws-sdk-go-v2/service/sso v1.12.10 h1:1wNZlPVOvrU/SLJx2ARaD5ziB6pSsUBN6k95mlzlf+0=
github.com/aws/aws-sdk-go-v2/service/sso v1.12.10/go.mod h1:vDnv8e0UAGqV/FkrfD0OLxWcNu/6TClZo0/9N2zyarU=
github.com/aws/aws-sdk-go-v2/service/ssooidc v1.14.10 h1:RFbvd1VoVs0AaIrT81+Ab6HJcaUTL0lwnbVMEWn/ZKI=
github.com/aws/aws-sdk-go-v2/service/ssooidc v1.14.10/go.mod h1:wwlA6dly+PTgfSdGdHWLrZc4Sa4ibk/LAVDcOuxlvdY=
github.com/aws/aws-sdk-go-v2/service/sts v1.19.0 h1:hN5MSr1iw62zNVE9WTJDgo96aQhFTgD6B3tu6XgOh0A=
github.com/aws/aws-sdk-go-v2/service/sts v1.19.0/go.mod h1:0dpWWSwMqbyB5ncZ4VnoOq2I2klzMdXMJtPspHvoYuk=
github.com/aws/smithy-go v1.13.5 h1:hgz0X/DX0dGqTYpGALqXJoRKRj5oQ7150i5FdTePzO8=
github.com/aws/smithy-go v1.13.5/go.mod h1:Tg+OJXh4MB2R/uN61Ko2f6hTZwB/ZYGOtib8J3gBHzA=
github.com/beorn7/perks v1.0.1 h1:VlbKKnNfV8bJzeqoa4cOKqO6bYr3WgKZxO8Z16+hsOM=
github.com/beorn7/perks v1.0.1/go.mod h1:G2ZrVWU2WbWT9wwq4/hrbKbnv/1ERSJQ0ibhJ6rlkpw=
github.com/cenkalti/backoff/v4 v4.3.0 h1:MyRJ/UdXutAwSAT+sGZwNd28MfVsetNZgLvBGDRAJxk=
github.com/cenkalti/backoff/v4 v4.3.0/go.mod h1:Y3VNntkOUPxTVeUxJ/G5vcM//AlwfmyYozVcomhLiZE=
github.com/cespare/xxhash/v2 v2.3.0 h1:UL815xU9SqsFlibzuggzjXhog7bL6oX9BbNZnL2UFvs=
github.com/cespare/xxhash/v2 v2.3.0/go.mod h1:VGX0DQ3Q6kWi7AoAeZDth3/j3BFtOZR5XLFGgcrjCOs=
github.com/cncf/udpa/go v0.0.0-20220112060539-c52dc94e7fbe h1:QQ3GSy+MqSHxm/d8nCtnAiZdYFd45cYZPs8vOOIYKfk=
github.com/cncf/udpa/go v0.0.0-20220112060539-c52dc94e7fbe/go.mod h1:6pvJx4me5XPnfI9Z40ddWsdw2W/uZgQLFXToKeRcDiI=
github.com/cncf/xds/go v0.0.0-20231128003011-0fa0005c9caa h1:jQCWAUqqlij9Pil2TuPdpEg8c2HlZZmH0QeurZPDDGc=
github.com/cncf/xds/go v0.0.0-20231128003011-0fa0005c9caa/go.mod h1:eXthEFrGJvWHgFFCl3hGmgk+/aYT6PnTQLykKQRLhEs=
github.com/davecgh/go-spew v1.1.1 h1:vj9j/u1bqnvCEfJOwUhtlOARqs3+rkHYY13jYWTU97c=
github.com/davecgh/go-spew v1.1.1/go.mod h1:J7Y8YcW2NihsgmVo/mv3lAwl/skON4iLHjSsI+c5H38=
github.com/decred/dcrd/dcrec/secp256k1/v4 v4.2.0 h1:8UrgZ3GkP4i/CLijOJx79Yu+etlyjgBUmAZncLrUQDQ=
github.com/decred/dcrd/dcrec/secp256k1/v4 v4.2.0/go.mod h1:v57UDF4pDQJcEfFUCRop3lJL149eHGSe9Jvczhzjo/0=
github.com/envoyproxy/go-control-plane v0.13.0 h1:1zp7ijN+xGYuSzkCzA7Mb9+4qQUlZ9eaa+pMUfpjeZc=
github.com/envoyproxy/go-control-plane v0.13.0/go.mod h1:SE3w6RoTsS4LOPnozJ1OEt9hQ8RJUbCsA1m12tctm7E=
github.com/envoyproxy/protoc-gen-validate v1.0.4 h1:gVPz/FMfvh57HdSJQyvBtF00j8JU4zdyUgIUNhlgg0A=
github.com/envoyproxy/protoc-gen-validate v1.0.4/go.mod h1:qys6tmnRsYr9qFqhmS4+0YCkgjPGee1b3WPkqlNCq9M=
github.com/felixge/httpsnoop v1.0.4 h1:NFTV2Zj1bL4mc9sqWACXbQFVBBg2W3GPvqp8/ESS2Wg=
github.com/felixge/httpsnoop v1.0.4/go.mod h1:m8KPJKqk1gH5J9DgRY2ASl2lWCfGKXixSwevea8zH2U=
github.com/go-jose/go-jose/v3 v3.0.1 h1:pWmPDVhbo3GNu/Bj7rXlEoYX3so4cmM30PPkfRApSdc=
github.com/go-jose/go-jose/v3 v3.0.1/go.mod h1:rnJRNrZDZs0s/iwN0S1j1CaOE4zWlmr0KP2NWxRL6/8=
github.com/go-logr/logr v1.4.3 h1:CjnDlHEqpsEDsVTM5uT+kJQVMKF7NiGpS6nUJuBlW8U=
github.com/go-logr/logr v1.4.3/go.mod h1:9T104GzyrTigFIr8wt5mBrctHMim0Nb2HLGrmQ40KvY=
github.com/go-logr/stdr v1.2.2 h1:hSWxHoqTgW2S2qGcVLTtAEaRIvCKJV0CBKYYsDErgag=
github.com/go-logr/stdr v1.2.2/go.mod h1:mMo/vtBO5dYbehREoey6XUKy/eSumjCCveDpRre4VKE=
github.com/go-playground/validator/v10 v10.16.0 h1:x+plE831WK4vaKHO/jpgUGsvLKIqRRkz6M78GuJAfGE=
github.com/go-playground/validator/v10 v10.16.0/go.mod h1:9iXMNT7DQEkdX7wFkEoqqBt4qfNATuUU+TGyajc1RtE=
github.com/go-resty/resty/v2 v2.11.0 h1:i7jMfZe5mPomKE3/q2S7ICmTM56Yod4jHAgHDpb72Lc=
github.com/go-resty/resty/v2 v2.11.0/go.mod h1:iiP/OpA0CkcL3IGt1O0+/SIItFUbkkyw5BGXiVdTu+A=
github.com/go-webauthn/webauthn v0.12.2 h1:70Vwnf17FJlL9hf45mmsvIIvgUXp7+4vVd36XRGOFnQ=
github.com/go-webauthn/webauthn v0.12.2/go.mod h1:xpuWL5aK+mJGVllgGDdhk5FkrbDkkLZpvOmc/i+v/RY=
github.com/go-webauthn/x v0.1.19 h1:mAASj4o37c4mfe14CFS5eaqZJOZZWtUgJxWkYBRmMjk=
github.com/go-webauthn/x v0.1.19/go.mod h1:5+HmFTfISO5uNV2zoNhOyeJyLJNA+jJpVyMj0dXLVck=
github.com/golang-jwt/jwt/v5 v5.2.1 h1:OuVbFODueb089Lh128TAcimifWaLhJwVflnrgM17wHk=
github.com/golang-jwt/jwt/v5 v5.2.1/go.mod h1:pqrtFR0X4osieyHYxtmOUWsAWrfe1Q5UVIyoH402zdk=
github.com/golang/groupcache v0.0.0-20210331224755-41bb18bfe9da h1:oI5xCqsCo564l8iNU+PvB5AG8VgBCnJnflaCMgzhxNI=
github.com/golang/groupcache v0.0.0-20210331224755-41bb18bfe9da/go.mod h1:cIg4eruTrX1D+g88fzRXU5OdNfaM+9IcxsU14FzY7Hc=
github.com/golang/protobuf v1.5.4 h1:i7eJL8q7TpSEwvOPX9UxMrqzzeEIYHTIzrsdRHjg6ps=
github.com/golang/protobuf v1.5.4/go.mod h1:lnTiLA8Wa4RWRcIUkrtSVa5nRhsEGBg48fD6rSs7xps=
github.com/google/cel-go v0.26.1 h1:/VMs8VEHNpIVTDjgG/3dCSGajio1MWFPJbJ5DvnCNvE=
github.com/google/cel-go v0.26.1/go.mod h1:xhSExf8NCPjJ0CG15dJA1WQps+2n6EPJkmDYxyNTfJM=
github.com/google/go-cmp v0.7.0 h1:wk8382ETsv4JYUZwIsn6YpYiWiBsYLSJiTsyBybVuN8=
github.com/google/go-cmp v0.7.0/go.mod h1:pXiqmnSA92OHEEa9HXL2W4E7lf9JzCmGVUdgjX3N/iU=
github.com/google/s2a-go v0.1.9 h1:ZowonyPrYRvRdDBFBmUXph5EIGk8N6AURk1Lkc2y8d0=
github.com/google/s2a-go v0.1.9/go.mod h1:kzOi2m5dK5CBP8Tr5iHaJHbhEXPBJdKW1C/7Kjx+d3c=
github.com/google/uuid v1.6.0 h1:NIvaJDMOsjHA8n1jAhLSgzrAzy1Hgr+hNrb57e+94F0=
github.com/google/uuid v1.6.0/go.mod h1:TIyPZe4MgqvfeYDBFedMoGGpEw/LqOeaOT+nhxU+yHo=
github.com/googleapis/enterprise-certificate-proxy v0.3.9 h1:SEjHi6YGWz0XICzkK3g3FGTBGynyTAjliU+DE7p0PUM=
github.com/googleapis/enterprise-certificate-proxy v0.3.9/go.mod h1:F+0hY1QdGQNY6f8/KTl5nuuxSXe3b2UPEuBxzCm3jqE=
github.com/googleapis/gax-go/v2 v2.17.1 h1:bZdKEhL4TnL3lJ7IFPM54ukvgU/43EdmX2YQYDzkgbQ=
github.com/googleapis/gax-go/v2 v2.17.1/go.mod h1:0wVtUAQWcZGtOjFzXOzS7muARkPejZGK+ivOQgOIFwA=
github.com/gorilla/mux v1.8.1 h1:TuBL49tXwgrFYWhqrNgwUNEYHnIjcJIjb0PwYQZbo/Y=
github.com/gorilla/mux v1.8.1/go.mod h1:AKf9I4AEqPTmMytcMc0KkNouC66V3BtZ4qD5fmWSiMQ=
github.com/gorilla/securecookie v1.1.2 h1:YCIWLc6M7Jq4BwztxFPm8+X9xMJrEejB6JYgnwHvQHs=
github.com/gorilla/securecookie v1.1.2/go.mod h1:NfCASbcHqRSY+3a8tlWJwsQap2VX5pwzwo4h3eOamfo=
github.com/gorilla/sessions v1.2.2 h1:lqzMYz6bOfvn2WriPUjNByzeXIlVzURcPmgMczkmTjY=
github.com/gorilla/sessions v1.2.2/go.mod h1:ePLdVu+jbEgHH+KWw8I1z2wqd0BAdAQh/8LRvBeoNcQ=
github.com/gorilla/websocket v1.5.1 h1:gmztn0JnHVt9JZquRuzLwTgLAkmhbVOdEBVOUCVYJkc=
github.com/gorilla/websocket v1.5.1/go.mod h1:x3kM2c9QEufmkkxKVEsCEIUysHQ5/XSfe73LYpmEcEA=
github.com/grpc-ecosystem/grpc-gateway/v2 v2.27.3 h1:f+Sq0+x6VQA1lQJYY0h+PVYQGbYmdQdr6R+G8P2OtJY=
github.com/grpc-ecosystem/grpc-gateway/v2 v2.27.3/go.mod h1:vLO8kfueIabSWm6y5Vzs69z1gMIeBSJw3zdo1aKpZUA=
github.com/jackc/pgpassfile v1.0.0 h1:/6Hmqy13Ss2zCq62VdNG8tM1wchn8zjSGOBJ6icpsIM=
github.com/jackc/pgpassfile v1.0.0/go.mod h1:CEx0iS5ambNFdcRtxPj5JhEz+xB6uRky5eyVu/W2HEg=
github.com/jackc/pgservicefile v0.0.0-20221227161230-091c0ba34f0a h1:bbPeKD0xmW/Y25WS6cokEszi5g+S0QxI/d45PkRi7Nk=
github.com/jackc/pgservicefile v0.0.0-20221227161230-091c0ba34f0a/go.mod h1:5TJZWKEWniPve33vlWYSoGYefn3gLQRwjfDlhFuaZwE=
github.com/jackc/pgx/v5 v5.5.3 h1:C9B4E6cyJ/nvIqtSLoAOrFh+3sD75VHtTQZqxjyUYko=
github.com/jackc/pgx/v5 v5.5.3/go.mod h1:1xvb0T4pYB/pvb48m0At82k/Q8v5DG5xwv/6kLr9c7I=
github.com/jinzhu/inflection v1.0.0 h1:K317FqzuhWc8YvSVlFMCCUb36O/S9MCKRDI7QkRKD/E=
github.com/jinzhu/inflection v1.0.0/go.mod h1:h+uFLlag+Qp1Va5pdKtLDYj+kHp5pxUVkryuEj+Srlc=
github.com/jinzhu/now v1.1.5 h1:/o9tlHleP7gOFmsnYNz3RGnqzefHA47wQpKrrdTIwXQ=
github.com/jinzhu/now v1.1.5/go.mod h1:d3SSVoowX0Lcu0IBviAWJegVBAPhlJDpBS1PGS+uBQ0=
github.com/jmespath/go-jmespath v0.4.0 h1:BEgLn5cpjn8UN1mAw4NjwDrS35OdebyEtFe+9YPoQUg=
github.com/jmespath/go-jmespath v0.4.0/go.mod h1:T8mJZnbsbmF+m7zOOFylbeCJqk5+pHWvzYPziyZiYoo=
github.com/joho/godotenv v1.5.1 h1:7eLL/+HRGLY0ldzfGMeQkb7vMd0as4CfYvUVzLqw0N0=
github.com/joho/godotenv v1.5.1/go.mod h1:f4LDr5Voq0i2e/R5DDNOoa2zzDfwtkZa6DnEwAbqwq4=
github.com/klauspost/compress v1.18.0 h1:c/Cqfb0E+6iHqS8u7mVGpWg4FeyEKcIvxT4UJSLmKeU=
github.com/klauspost/compress v1.18.0/go.mod h1:2Pp+KzxcywSntig8BMS9sCvR75vm0eC3vWxtdJo1nzI=
github.com/lestrrat-go/backoff/v2 v2.0.8 h1:oNb5E5isby2kiro9AgdHLv5N5tint1AnDvvf2E2un5A=
github.com/lestrrat-go/backoff/v2 v2.0.8/go.mod h1:rHP/q/r9aT27n24JQLa7JhFCZzB0ZsMmbZb5F90uZR4=
github.com/lestrrat-go/blackmagic v1.0.2 h1:VeWvygD+ThxDC7DDZiY+aMkzVf5OHEUEAwpjXtXmrHw=
github.com/lestrrat-go/blackmagic v1.0.2/go.mod h1:3yAWlYMYS7NWfLQ1HefB/Zdc4SFGmhcNd3qGekIbmJw=
github.com/lestrrat-go/httpcc v1.0.1 h1:ydAJ9pBLYgOf2erS1Io5a3h1cd+ddvACweCH5m2SEwA=
github.com/lestrrat-go/httpcc v1.0.1/go.mod h1:qC5Yok4aLCih0+ddqNi/ndcREKG6zRR1q0geLL4enr4=
github.com/lestrrat-go/iter v1.0.2 h1:IupwpeD6kkaK+vZOxJYI00hqeyrf+cJbF70HlKJjhOQ=
github.com/lestrrat-go/iter v1.0.2/go.mod h1:HpbxBBdNi/YEs1F99b+JGaBCy1RRqI+nYQ2E5j9ykNc=
github.com/lestrrat-go/jwx/v2 v2.0.19 h1:gnTOvwhQ7pcdFe7JsqBV4Xx0/cXUkUlW9rBOQSDAyl8=
github.com/lestrrat-go/jwx/v2 v2.0.19/go.mod h1:YYRS4QsE9F1Wujfl0OhtR7ewPDiAApdADuC0MW5Bq9M=
github.com/lestrrat-go/option v1.0.1 h1:oAzP2fvZGQKWkvHa1/SAcFolBEca1oN+mQ7eooNBEYU=
github.com/lestrrat-go/option v1.0.1/go.mod h1:5ZHFbivi4xwXxhxY9XHDe2FHo6/Z7WWmtT7T5nSWp8I=
github.com/lib/pq v1.10.9 h1:YXG7RB+JIjhP29X+OtkiDnYaXQwpS4JEWq7dtCCRUEw=
github.com/lib/pq v1.10.9/go.mod h1:AlVN5x4E4T544tWzH6hKfbfQvm3HdbOxrmggDNAPY9o=
github.com/munnerz/goautoneg v0.0.0-20191010083416-a7dc8b61c822 h1:C3w9PqII01/Oq1c1nUAm88MOHcQR9T4IDzcN8LrHj8M=
github.com/munnerz/goautoneg v0.0.0-20191010083416-a7dc8b61c822/go.mod h1:+n7T8mK8HuQTcFwEeznm/DIxMOiR9yIdICNftLE1DvQ=
github.com/pmezard/go-difflib v1.0.0 h1:4DBwDE0NGyQoBHbLQYPwSUPoCMWR5BEzIk/f1lZbAQM=
github.com/pmezard/go-difflib v1.0.0/go.mod h1:iKH77koFhYxTK1pcRnkKkqfTogsbg7gZNVY4sRDYZ/4=
github.com/pquerna/otp v1.4.0 h1:wZvl1TIVxKRThZIBiwOOHOGP/1+nZyWBil9Y2XNEDzg=
github.com/pquerna/otp v1.4.0/go.mod h1:dkJfzwRKNiegxyNb54X/3fLwhCynbMspSyWKnvi1AEg=
github.com/prometheus/client_golang v1.23.2 h1:lP4cqZ6l1cFK42ID/twVAiS1J1scKVP2hL64FY7qX3U=
github.com/prometheus/client_golang v1.23.2/go.mod h1:osTq4W0P9GFMpkXy+NUAuzD2jH9ZJzuEEsT4ulvY9Is=
github.com/prometheus/client_model v0.6.2 h1:cfAZckB2AHAjeRVkScZHOJpYPSFEppPaXzifk1FueaA=
github.com/prometheus/client_model v0.6.2/go.mod h1:pPrFDiPQ66eBQo9SfrJLEv2JXDzviAAU3Szv7ghGd+g=
github.com/prometheus/common v0.66.0 h1:3r6r0rD7ZFRuLvM2mgQUHf3RaUa47ErDQZCEUJ6ZhrE=
github.com/prometheus/common v0.66.0/go.mod h1:DKbvwrSHw31zPWyU1nLP0rL6eD+w/IU2I+AUgqQaWEU=
github.com/prometheus/procfs v0.16.1 h1:hYT7Rc8xdMyp1fVVzgNyzmqBJAhsuO+Ux6aLrDlkTG0=
github.com/prometheus/procfs v0.16.1/go.mod h1:hiXsQIVlZfLrgR77HN1fNbRqkH4VPU2JxH+BwHOFhfM=
github.com/rogpeppe/go-internal v1.10.0 h1:TMyTOH3F/DB16zRVcYyreMH6GnZZrwQVAoYjRBZyWFQ=
github.com/rogpeppe/go-internal v1.10.0/go.mod h1:UQnix2H7Ngw/k4C5ijL5+65zddjncjaFoBhdsK/akog=
github.com/rs/xid v1.5.0 h1:mKX4bl4iPYJtEIxp6CYiUuLQ/8DYMoz0PUdtGgMFRVc=
github.com/rs/xid v1.5.0/go.mod h1:trrq9SKmegXys3aeAKXMUTdJsYXVwGY3RLcfgqegfbg=
github.com/rs/zerolog v1.33.0 h1:1cU2KZkvPxNyfgEmhHAz/1A9Bz+llsdYzsoWFm9txFU=
github.com/rs/zerolog v1.33.0/go.mod h1:/7mN4D5sKwJLZQ2b/znpjC/y/GQWY/xaDXUM0kKWRH4=
github.com/segmentio/ksuid v1.0.4 h1:sBo2BdShXjmcugAMwjugoGUdUV0pcxY5mW4xKRn3v4c=
github.com/segmentio/ksuid v1.0.4/go.mod h1:/XUiZBD3kVx5SmBQOlM8l8YuG8IbjwMn6ZY24Tygo0o=
github.com/spf13/pflag v1.0.6 h1:bpDZ6VHozwRhlw6yrP72YDGbgIT49ZGcTPZ46vzNfSA=
github.com/spf13/pflag v1.0.6/go.mod h1:McXfInJRrz4CZXVZOBLb0bTZqETkiAhM9Iw0y3An2Bg=
github.com/stoewer/go-strcase v1.3.0 h1:g0eASXYtp+yvN9fK8sH94oCIk0fau9uV1/ZdJ0AVEzs=
github.com/stoewer/go-strcase v1.3.0/go.mod h1:fAH5hQ5pehn+j5nViaZ6P7QpRvFvCftC3iVgupCwIys=
github.com/stretchr/testify v1.11.1 h1:7s2iGBzp5EwR2k+fSTH8vlNsu4V0C1mrAeeDsQd58XY=
github.com/stretchr/testify v1.11.1/go.mod h1:w/1bLV3nCgH3p1ib1x3tVVyCUJ9ELrcYK/S/IJ8T+C4=
github.com/xhit/go-str2duration/v2 v2.1.0 h1:lxklc02Drh6ynqX+DdPyp5pCKLUQpRT8bp8Ydu2Bstc=
github.com/xhit/go-str2duration/v2 v2.1.0/go.mod h1:ohY8p+0fVjQE77CRkBiHbUgDZyJHyaF8WZnIcTAY9Jw=
go.opentelemetry.io/auto/sdk v1.2.1 h1:jXsnJ4Lmnqd11kwkBV2LgLoFMZKIZbCi5fNy/ipaZHg=
go.opentelemetry.io/auto/sdk v1.2.1/go.mod h1:KRTj+aEixE38f5wB7t2aZY7aUVvWe7l+/eauhw3mli0=
go.opentelemetry.io/contrib/detectors/gcp v1.39.0 h1:SyGf7H7p/mnfwavPXTIhb9Ro56Yg+cO8/D4gBVyC4TA=
go.opentelemetry.io/contrib/detectors/gcp v1.39.0/go.mod h1:UXX1QDCdGxTlh9H66lD3ptpjogF1Fzvm44tbnlrhzWw=
go.opentelemetry.io/otel v1.40.0 h1:s0UaKZ+hI4J9U6GGcVeqsAyjpU7XSLA6jD75f6WDrN4=
go.opentelemetry.io/otel v1.40.0/go.mod h1:fYvXZW5ZxmLl6v8zRLmXuTGyGhtvHgS0J1ANZChqncQ=
go.opentelemetry.io/otel/exporters/stdout/stdoutmetric v1.40.0 h1:qVX5CcTw0Xm6x1HabazTmyBcoVQ7bxAvR0lk0P+e8PQ=
go.opentelemetry.io/otel/exporters/stdout/stdoutmetric v1.40.0/go.mod h1:2spbji6m6L3MYaYcKDEzbQemj/4jzLrYd8uxk4EMfok=
go.opentelemetry.io/otel/exporters/stdout/stdouttrace v1.40.0 h1:boe5qA0Cx16wdJvl3iTMyG1ZdvjRqd5So2xLGrT0UXk=
go.opentelemetry.io/otel/exporters/stdout/stdouttrace v1.40.0/go.mod h1:HUf+FLq/C9KgFxv5W78kIJYKBOCGr6H/PVpjjNgheck=
go.opentelemetry.io/otel/metric v1.40.0 h1:YQLhF8wVYh/7Y9P0obslRb7dsYla7BP4aQLM6Wq/GL0=
go.opentelemetry.io/otel/metric v1.40.0/go.mod h1:Yz+t4P79EMw+9cY77z9nkX6irwhYgaVwhnwI+edKyzM=
go.opentelemetry.io/otel/sdk v1.40.0 h1:8K9VX6hPeeLf9thksI3+rpX5frST9d2C1gP9t3qCpYw=
go.opentelemetry.io/otel/sdk v1.40.0/go.mod h1:tvVklM2VqBkVyMhakT4QKjnyQ2+Kz8ShIyJZTLU2+cw=
go.opentelemetry.io/otel/sdk/metric v1.40.0 h1:z2VAsZBULZvFkrUxP8RFPFz59sfU1TW+iYnaBu3vV0M=
go.opentelemetry.io/otel/sdk/metric v1.40.0/go.mod h1:dL+nbtpLNy9xIBCMMI6QVhrMpvkwMtoGYOWo7oQozhs=
go.opentelemetry.io/otel/trace v1.40.0 h1:9mSMXkXfGkY07FygByrx7q1zNWQ71pRLYJ4MgB3hNDE=
go.opentelemetry.io/otel/trace v1.40.0/go.mod h1:ZbTbPi7TcjFyYJLU8Jd4VOdPgkzjvdCLF5r74WYdcaQ=
go.opentelemetry.io/proto/otlp v1.8.0 h1:Hd3TDBaPD3ALiTLaBEjDPWM5gSzozVgv/6vIJyqpTtw=
go.opentelemetry.io/proto/otlp v1.8.0/go.mod h1:kZ2V7xO95XbTnSzk3hjLJ6h5GNteQig/1/yB8ApkZlU=
go.uber.org/dig v1.19.0 h1:BACLhebsYdpQ7IROQ1AGPjrXcP5dF80U3gKoFzbaq/8=
go.uber.org/dig v1.19.0/go.mod h1:wy0J4/jqrF7xTqjX+xcEmCAGYcDrJ94UQQj7T/6dJbY=
go.uber.org/fx v1.24.0 h1:SyFgYQFr1Wl0AYstE8vyYIzP4bFz2URrScjwCox2UyU=
go.uber.org/fx v1.24.0/go.mod h1:fY0Q2vRQVpEq6+E5uMvQaIwl2WUMraeULmhbbF6jH2c=
go.uber.org/multierr v1.10.0 h1:S0h4aNzvfcFsC3dRF1jLoaov7oRaKqRGC/pUEJ2yvPQ=
go.uber.org/multierr v1.10.0/go.mod h1:20+QtiLqy0Nd6FdQB9TLXag12DsQkrbs3htMFfDN80Y=
go.uber.org/zap v1.27.0 h1:aJMhYGrd5QSmlpLMr2MftRKl7t8J8PTZPA732ud/XR8=
go.uber.org/zap v1.27.0/go.mod h1:GB2qFLM7cTU87MWRP2mPIjqfIDnGu+VIO4V/SdhGo2E=
golang.org/x/crypto v0.36.0 h1:AnAEvhDddvsgdpYvjR3sqsAJLYKs7gF2w8QEkoowLW8=
golang.org/x/crypto v0.36.0/go.mod h1:YJ0vM1qsI+Jxo8eDIE4bnsU/Guq3mzQpF+iPRw6Ow4c=
golang.org/x/exp v0.0.0-20240119083558-1b970713d09a h1:Q8/wWw0DErXMRBq/VhlQNYkZ0x7Y5mHN/NzpxHzKLSs=
golang.org/x/exp v0.0.0-20240119083558-1b970713d09a/go.mod h1:Id+EtHhdCWcyl7zU1m7lVCm8G9gGxU9btyOUGf5ujpk=
golang.org/x/mod v0.26.0 h1:YfUfijh1bgO9YW1/EsFrzoAnkKI3ZkrXFX8+pSSxYts=
golang.org/x/mod v0.26.0/go.mod h1:MXSdt+nBZHS55tF2I0a6ldq2Ba5g9H1/mA21B3//90c=
golang.org/x/net v0.38.0 h1:Ikc35ZGvZMH7VX3cQjP1fZ9Pl65kT3qPnu9UxMLluA8=
golang.org/x/net v0.38.0/go.mod h1:9m/qQKTzYtIbyBifGztd5hFpRfyvBO4b7NrNayHXb1o=
golang.org/x/oauth2 v0.33.0 h1:Z7Q/V8k8lGQZ7WLRwWFZzvGsP4cToSEh4m/RBhwKFkA=
golang.org/x/oauth2 v0.33.0/go.mod h1:MhIaHsrB8YX7Ey5m9WZN1g+lMw4KzuW7QegA3Zgjw5A=
golang.org/x/sync v0.13.0 h1:5Lp1mHCzyqJIA2sPJOBvA8Ga+3YXtx92OTXw5PYWS7c=
golang.org/x/sync v0.13.0/go.mod h1:W5sHtjNA1IlSz/DoXyupZZb2nMVOqEm2+0ZVhykDgbE=
golang.org/x/sys v0.31.0 h1:uU6AJDeOj3ENgFM6SMWLm08ZeSSBBVdkc9gDmMP/0zQ=
golang.org/x/sys v0.31.0/go.mod h1:OgkAhIXVNO1RM4loiF2+BNQ1pnOaLje5/9+SXaB6JsM=
golang.org/x/term v0.29.0 h1:t6laekUr5RZsC2h3NqolKM1pOpmj6mgmjeHfQ5rF4hU=
golang.org/x/term v0.29.0/go.mod h1:pRuG0jeKCVFs1CF9KDf2WFdgNT0qZkNIk8IBtZDkNnQ=
golang.org/x/text v0.23.0 h1:d81lOUKXaTbXkrHrS53kYVUZpg9JgVz/0IWGgx8ckKw=
golang.org/x/text v0.23.0/go.mod h1:/e16uyySGqKZcUKvePzx6g1TqrAGyx2lz+TC+XVTDk0=
golang.org/x/time v0.5.0 h1:9i3RxcPv3PZnitoVGMPDKZSq1xW1gK1Xy3ArNOGZfEg=
golang.org/x/time v0.5.0/go.mod h1:3BpzKBy/shNhVucY/MWOyx10tF3SFh9QdLuxbVysPQM=
golang.org/x/tools v0.33.0 h1:mWS7beqEm4yFq7HyhwfS97Vgevs6O7aiMr6n3E9DoY4=
golang.org/x/tools v0.33.0/go.mod h1:MsoD9oiUA5jJg+Gdlj4wWq2JZPJZ+xchfbrdQszuoao=
golang.org/x/xerrors v0.0.0-20220907171357-04be3eba64a2 h1:H2TDz8ibqkAO6SwwXYm4/h0AXdfdsQjDpXhrfsBVAmQ=
golang.org/x/xerrors v0.0.0-20220907171357-04be3eba64a2/go.mod h1:K8+ghG5WaK9qNqU5K3HdILfMLy1f3aNYFI/wnl100a8=
gonum.org/v1/gonum v0.15.0 h1:2gYwjIBKGr2Rm1CxGdmQ+h+bxocvhrFQlV8XoNWuuKU=
gonum.org/v1/gonum v0.15.0/go.mod h1:eR/w7jZe0snos7YAkFgZvso2GPGkK4eMmaVlH6UFkNw=
google.golang.org/api v0.252.0 h1:pWA7e8/J62fWqzTyXJ6IBt/R1FQ3ss2eHElMEHsHpcg=
google.golang.org/api v0.252.0/go.mod h1:FwyI/AN6f+PaLNXtq2RFTvFdDDFhOR5pPCXdVo6vc/M=
google.golang.org/genproto v0.0.0-20241118233622-e639e219e697 h1:4fK4WSfVvMnRxyDFXNUSP9UZ5su9r1WMtRBBOd0rv4k=
google.golang.org/genproto v0.0.0-20241118233622-e639e219e697/go.mod h1:QlWlp7IhSQCPEEGsVPrfWsWFyY+pDycvZpdP8waHTQ4=
google.golang.org/genproto/googleapis/api v0.0.0-20250826171959-57b25ae835d4 h1:ZoxjEOAH15WU6N7+mlw11/MxjFEhzllkgiBDG7y3Lhk=
google.golang.org/genproto/googleapis/api v0.0.0-20250826171959-57b25ae835d4/go.mod h1:3xbdYCNBpxtR7Bkl5QMoBt5SxQ6XjVLE/RuKrcs+7T0=
google.golang.org/genproto/googleapis/rpc v0.0.0-20250826171959-57b25ae835d4 h1:XiQEK0O6ROUagrzfT4XTZtejZDd6n5dVqlsXURk2kIU=
google.golang.org/genproto/googleapis/rpc v0.0.0-20250826171959-57b25ae835d4/go.mod h1:CqfJ7il/JDkXXW9m1aJDNLd8w2s3tusLMWWDqe1VMdo=
google.golang.org/grpc v1.75.1 h1:JOLbMnpKrAeCUpdLamA8dVskN8L5Ii+4VAu6dFdZIh8=
google.golang.org/grpc v1.75.1/go.mod h1:o+ltBzLRZDUEK4PIW3OZmW8UxEuNoP2+8hbSlhcwSgc=
google.golang.org/protobuf v1.36.6 h1:z1NpPI8ku2WgiWnf+t9wTPsn6eP1L7kn9RFfCrOKNLk=
google.golang.org/protobuf v1.36.6/go.mod h1:f9XY2yUTXPDdzDjFyRq72hSRGAaqOqT+vaQmqy5VX8g=
gopkg.in/yaml.v3 v3.0.1 h1:fxVm/GzAzEWqLHuvctI91KS9hhNmmWOoWu0XTYJS7CA=
gopkg.in/yaml.v3 v3.0.1/go.mod h1:K4uyk7z7BCEPqu6E+C64Yfv1cQ7kz7rIZviUmN+EgEM=
gorm.io/driver/postgres v1.5.11 h1:ubBVAfbKEU19KhPG6N8Ui1pcBzS5w8cDoQWwQUGyuyo=
gorm.io/driver/postgres v1.5.11/go.mod h1:DX3GReRHxfpWdFYVtZ+e9BnLkhtlGqPdhD3cC1HfS7A=
gorm.io/gorm v1.25.12 h1:odCrllcCjH+mRRyC8+ENdcFsXaVQhKU/+RjAV0qR4YM=
gorm.io/gorm v1.25.12/go.mod h1:hbusB1NSWWY2oqtpDWggmUFgVMZ4zvF1BJEtdVwGUks=
